
Microsoft Visual Studio Solution File, Format Version 12.00
# Visual Studio 15
VisualStudioVersion = 15.0.26403.0
MinimumVisualStudioVersion = 10.0.40219.1
Project("{FAE04EC0-301F-11D3-BF4B-00C04F79EFBC}") = "SendMe", "SendMe\SendMe.csproj", "{EE2DC86B-A930-4DE4-91C0-A8A49C9C4EDA}"
EndProject
Global
	GlobalSection(SolutionConfigurationPlatforms) = preSolution
		Debug|Any CPU = Debug|Any CPU
		Release|Any CPU = Release|Any CPU
	EndGlobalSection
	GlobalSection(ProjectConfigurationPlatforms) = postSolution
		{EE2DC86B-A930-4DE4-91C0-A8A49C9C4EDA}.Debug|Any CPU.ActiveCfg = Debug|Any CPU
		{EE2DC86B-A930-4DE4-91C0-A8A49C9C4EDA}.Debug|Any CPU.Build.0 = Debug|Any CPU
		{EE2DC86B-A930-4DE4-91C0-A8A49C9C4EDA}.Release|Any CPU.ActiveCfg = Release|Any CPU
		{EE2DC86B-A930-4DE4-91C0-A8A49C9C4EDA}.Release|Any CPU.Build.0 = Release|Any CPU
	EndGlobalSection
	GlobalSection(SolutionProperties) = preSolution
		HideSolutionNode = FALSE
	EndGlobalSection
EndGlobal
